// !$*UTF8*$!
{
	archiveVersion = 1;
	classes = {
	};
	objectVersion = 46;
	objects = {

/* Begin PBXBuildFile section */
		810D25271BC7917B00DAF83F /* CreatView.m in Sources */ = {isa = PBXBuildFile; fileRef = 810D25261BC7917B00DAF83F /* CreatView.m */; settings = {ASSET_TAGS = (); }; };
		8110A4F01BC64A0A00E38485 /* ppp.m in Sources */ = {isa = PBXBuildFile; fileRef = 8110A4EF1BC64A0A00E38485 /* ppp.m */; settings = {ASSET_TAGS = (); }; };
		8110A4F31BC64A4D00E38485 /* iii.m in Sources */ = {isa = PBXBuildFile; fileRef = 8110A4F21BC64A4D00E38485 /* iii.m */; settings = {ASSET_TAGS = (); }; };
		8110A4F61BC64A5800E38485 /* poi.m in Sources */ = {isa = PBXBuildFile; fileRef = 8110A4F51BC64A5800E38485 /* poi.m */; settings = {ASSET_TAGS = (); }; };
		811F9E021BC7A13800CAD6F5 /* FinancingCell.m in Sources */ = {isa = PBXBuildFile; fileRef = 811F9E001BC7A13800CAD6F5 /* FinancingCell.m */; settings = {ASSET_TAGS = (); }; };
		811F9E031BC7A13800CAD6F5 /* FinancingCell.xib in Resources */ = {isa = PBXBuildFile; fileRef = 811F9E011BC7A13800CAD6F5 /* FinancingCell.xib */; settings = {ASSET_TAGS = (); }; };
		811F9E071BC7D29900CAD6F5 /* UIColor+AddColor.m in Sources */ = {isa = PBXBuildFile; fileRef = 811F9E061BC7D29900CAD6F5 /* UIColor+AddColor.m */; settings = {ASSET_TAGS = (); }; };
		81334F5E1BCBC3BD000A9B8A /* 7501111.png in Resources */ = {isa = PBXBuildFile; fileRef = 81334F5D1BCBC3BD000A9B8A /* 7501111.png */; settings = {ASSET_TAGS = (); }; };
		817988281BC93C64007C8C3E /* FDetailViewController.m in Sources */ = {isa = PBXBuildFile; fileRef = 817988271BC93C64007C8C3E /* FDetailViewController.m */; settings = {ASSET_TAGS = (); }; };
		8179882C1BC93DDE007C8C3E /* FixInvestCell.m in Sources */ = {isa = PBXBuildFile; fileRef = 8179882A1BC93DDE007C8C3E /* FixInvestCell.m */; settings = {ASSET_TAGS = (); }; };
		8179882D1BC93DDE007C8C3E /* FixInvestCell.xib in Resources */ = {isa = PBXBuildFile; fileRef = 8179882B1BC93DDE007C8C3E /* FixInvestCell.xib */; settings = {ASSET_TAGS = (); }; };
		817988311BC93FF6007C8C3E /* BasicMessageCell.m in Sources */ = {isa = PBXBuildFile; fileRef = 8179882F1BC93FF6007C8C3E /* BasicMessageCell.m */; settings = {ASSET_TAGS = (); }; };
		817988321BC93FF6007C8C3E /* BasicMessageCell.xib in Resources */ = {isa = PBXBuildFile; fileRef = 817988301BC93FF6007C8C3E /* BasicMessageCell.xib */; settings = {ASSET_TAGS = (); }; };
		817988361BC94014007C8C3E /* PlanCell.m in Sources */ = {isa = PBXBuildFile; fileRef = 817988341BC94014007C8C3E /* PlanCell.m */; settings = {ASSET_TAGS = (); }; };
		817988371BC94014007C8C3E /* PlanCell.xib in Resources */ = {isa = PBXBuildFile; fileRef = 817988351BC94014007C8C3E /* PlanCell.xib */; settings = {ASSET_TAGS = (); }; };
		8179883B1BC9403A007C8C3E /* ThreeCell.m in Sources */ = {isa = PBXBuildFile; fileRef = 817988391BC9403A007C8C3E /* ThreeCell.m */; settings = {ASSET_TAGS = (); }; };
		8179883C1BC9403A007C8C3E /* ThreeCell.xib in Resources */ = {isa = PBXBuildFile; fileRef = 8179883A1BC9403A007C8C3E /* ThreeCell.xib */; settings = {ASSET_TAGS = (); }; };
		8184EC371BCC96E1003F440D /* MakeSureViewController.m in Sources */ = {isa = PBXBuildFile; fileRef = 8184EC361BCC96E1003F440D /* MakeSureViewController.m */; settings = {ASSET_TAGS = (); }; };
		8184EC3B1BCCD0FE003F440D /* ContentCell.m in Sources */ = {isa = PBXBuildFile; fileRef = 8184EC391BCCD0FE003F440D /* ContentCell.m */; settings = {ASSET_TAGS = (); }; };
		8184EC3C1BCCD0FE003F440D /* ContentCell.xib in Resources */ = {isa = PBXBuildFile; fileRef = 8184EC3A1BCCD0FE003F440D /* ContentCell.xib */; settings = {ASSET_TAGS = (); }; };
		8184EC401BCCD113003F440D /* MoneyCell.m in Sources */ = {isa = PBXBuildFile; fileRef = 8184EC3E1BCCD113003F440D /* MoneyCell.m */; settings = {ASSET_TAGS = (); }; };
		8184EC411BCCD113003F440D /* MoneyCell.xib in Resources */ = {isa = PBXBuildFile; fileRef = 8184EC3F1BCCD113003F440D /* MoneyCell.xib */; settings = {ASSET_TAGS = (); }; };
		8184EC451BCCD12A003F440D /* RedBagCell.m in Sources */ = {isa = PBXBuildFile; fileRef = 8184EC431BCCD12A003F440D /* RedBagCell.m */; settings = {ASSET_TAGS = (); }; };
		8184EC461BCCD12A003F440D /* RedBagCell.xib in Resources */ = {isa = PBXBuildFile; fileRef = 8184EC441BCCD12A003F440D /* RedBagCell.xib */; settings = {ASSET_TAGS = (); }; };
		8184EC4A1BCCD13C003F440D /* CashMoneyCell.m in Sources */ = {isa = PBXBuildFile; fileRef = 8184EC481BCCD13C003F440D /* CashMoneyCell.m */; settings = {ASSET_TAGS = (); }; };
		8184EC4B1BCCD13C003F440D /* CashMoneyCell.xib in Resources */ = {isa = PBXBuildFile; fileRef = 8184EC491BCCD13C003F440D /* CashMoneyCell.xib */; settings = {ASSET_TAGS = (); }; };
		81C2DAA91BC755FF0007AC48 /* KKTabBarViewController.m in Sources */ = {isa = PBXBuildFile; fileRef = 81C2DAA81BC755FF0007AC48 /* KKTabBarViewController.m */; settings = {ASSET_TAGS = (); }; };
		81C2DAAC1BC7563A0007AC48 /* SelectionViewController.m in Sources */ = {isa = PBXBuildFile; fileRef = 81C2DAAB1BC7563A0007AC48 /* SelectionViewController.m */; settings = {ASSET_TAGS = (); }; };
		81C2DAAF1BC756630007AC48 /* MoreViewController.m in Sources */ = {isa = PBXBuildFile; fileRef = 81C2DAAE1BC756630007AC48 /* MoreViewController.m */; settings = {ASSET_TAGS = (); }; };
		81D8AD9A1BC6427800A15E01 /* MineViewController.m in Sources */ = {isa = PBXBuildFile; fileRef = 81D8AD991BC6427800A15E01 /* MineViewController.m */; settings = {ASSET_TAGS = (); }; };
		81D8ADA31BC646D100A15E01 /* FinancingViewController.m in Sources */ = {isa = PBXBuildFile; fileRef = 81D8ADA21BC646D100A15E01 /* FinancingViewController.m */; settings = {ASSET_TAGS = (); }; };
		81E90EF41BCB42D7004BA8A5 /* 750产品详111.png in Resources */ = {isa = PBXBuildFile; fileRef = 81E90EF31BCB42D7004BA8A5 /* 750产品详111.png */; settings = {ASSET_TAGS = (); }; };
		81E90EF61BCB4300004BA8A5 /* 750产品111.png in Resources */ = {isa = PBXBuildFile; fileRef = 81E90EF51BCB4300004BA8A5 /* 750产品111.png */; settings = {ASSET_TAGS = (); }; };
		81E90EF81BCB430B004BA8A5 /* 750chanpin.png in Resources */ = {isa = PBXBuildFile; fileRef = 81E90EF71BCB430B004BA8A5 /* 750chanpin.png */; settings = {ASSET_TAGS = (); }; };
		81E90EFA1BCB4312004BA8A5 /* 750产品详情.png in Resources */ = {isa = PBXBuildFile; fileRef = 81E90EF91BCB4312004BA8A5 /* 750产品详情.png */; settings = {ASSET_TAGS = (); }; };
		8D55DB061BC7BE91004649CE /* shouyebanner.png in Resources */ = {isa = PBXBuildFile; fileRef = 8D55DB051BC7BE91004649CE /* shouyebanner.png */; settings = {ASSET_TAGS = (); }; };
		8D5AEB391BC8D2F3004FBDD3 /* SelectionV.xib in Resources */ = {isa = PBXBuildFile; fileRef = 8D5AEB381BC8D2F3004FBDD3 /* SelectionV.xib */; settings = {ASSET_TAGS = (); }; };
		8D5AEB3C1BC8DAA4004FBDD3 /* SelectionV.m in Sources */ = {isa = PBXBuildFile; fileRef = 8D5AEB3B1BC8DAA4004FBDD3 /* SelectionV.m */; settings = {ASSET_TAGS = (); }; };
		8D5AEB3E1BC8DE23004FBDD3 /* SelectionOfThing.xib in Resources */ = {isa = PBXBuildFile; fileRef = 8D5AEB3D1BC8DE23004FBDD3 /* SelectionOfThing.xib */; settings = {ASSET_TAGS = (); }; };
		8D5AEB411BC8DE41004FBDD3 /* SelectionOfThing.m in Sources */ = {isa = PBXBuildFile; fileRef = 8D5AEB401BC8DE41004FBDD3 /* SelectionOfThing.m */; settings = {ASSET_TAGS = (); }; };
		8D5AEB491BC8F560004FBDD3 /* CenturyGothic.TTF in Resources */ = {isa = PBXBuildFile; fileRef = 8D5AEB481BC8F560004FBDD3 /* CenturyGothic.TTF */; settings = {ASSET_TAGS = (); }; };
		8D5AEB4B1BC8FCA3004FBDD3 /* SelectionOfSafe.xib in Resources */ = {isa = PBXBuildFile; fileRef = 8D5AEB4A1BC8FCA3004FBDD3 /* SelectionOfSafe.xib */; settings = {ASSET_TAGS = (); }; };
		8D5AEB4E1BC8FCBC004FBDD3 /* SelectionOfSafe.m in Sources */ = {isa = PBXBuildFile; fileRef = 8D5AEB4D1BC8FCBC004FBDD3 /* SelectionOfSafe.m */; settings = {ASSET_TAGS = (); }; };
		8D6EFBA51BC78B02009FE101 /* shouyeqiepian750_25_highlight.png in Resources */ = {isa = PBXBuildFile; fileRef = 8D6EFB9D1BC78B02009FE101 /* shouyeqiepian750_25_highlight.png */; settings = {ASSET_TAGS = (); }; };
		8D6EFBA61BC78B02009FE101 /* shouyeqiepian750_28.png in Resources */ = {isa = PBXBuildFile; fileRef = 8D6EFB9E1BC78B02009FE101 /* shouyeqiepian750_28.png */; settings = {ASSET_TAGS = (); }; };
		8D6EFBA71BC78B02009FE101 /* shouyeqiepian750_30.png in Resources */ = {isa = PBXBuildFile; fileRef = 8D6EFB9F1BC78B02009FE101 /* shouyeqiepian750_30.png */; settings = {ASSET_TAGS = (); }; };
		8D6EFBA81BC78B02009FE101 /* shouyeqiepian750_32.png in Resources */ = {isa = PBXBuildFile; fileRef = 8D6EFBA01BC78B02009FE101 /* shouyeqiepian750_32.png */; settings = {ASSET_TAGS = (); }; };
		8D6EFBA91BC78B02009FE101 /* shouyeqiepian7500_25.png in Resources */ = {isa = PBXBuildFile; fileRef = 8D6EFBA11BC78B02009FE101 /* shouyeqiepian7500_25.png */; settings = {ASSET_TAGS = (); }; };
		8D6EFBAA1BC78B02009FE101 /* shouyeqiepian7500_28highlight.png in Resources */ = {isa = PBXBuildFile; fileRef = 8D6EFBA21BC78B02009FE101 /* shouyeqiepian7500_28highlight.png */; settings = {ASSET_TAGS = (); }; };
		8D6EFBAB1BC78B02009FE101 /* shouyeqiepian7500_30highlight.png in Resources */ = {isa = PBXBuildFile; fileRef = 8D6EFBA31BC78B02009FE101 /* shouyeqiepian7500_30highlight.png */; settings = {ASSET_TAGS = (); }; };
		8D6EFBAC1BC78B02009FE101 /* shouyeqiepian7500_32highlight.png in Resources */ = {isa = PBXBuildFile; fileRef = 8D6EFBA41BC78B02009FE101 /* shouyeqiepian7500_32highlight.png */; settings = {ASSET_TAGS = (); }; };
		8D878CD81BC7548B00844575 /* b.m in Sources */ = {isa = PBXBuildFile; fileRef = 8D878CD71BC7548B00844575 /* b.m */; settings = {ASSET_TAGS = (); }; };
		8D878CDB1BC7549500844575 /* c.m in Sources */ = {isa = PBXBuildFile; fileRef = 8D878CDA1BC7549500844575 /* c.m */; settings = {ASSET_TAGS = (); }; };
		8D878CDE1BC7549F00844575 /* d.m in Sources */ = {isa = PBXBuildFile; fileRef = 8D878CDD1BC7549F00844575 /* d.m */; settings = {ASSET_TAGS = (); }; };
		8D878CE11BC754AD00844575 /* e.m in Sources */ = {isa = PBXBuildFile; fileRef = 8D878CE01BC754AD00844575 /* e.m */; settings = {ASSET_TAGS = (); }; };
		8D9356CE1BC607C500BC2BFA /* main.m in Sources */ = {isa = PBXBuildFile; fileRef = 8D9356CD1BC607C500BC2BFA /* main.m */; };
		8D9356D11BC607C500BC2BFA /* AppDelegate.m in Sources */ = {isa = PBXBuildFile; fileRef = 8D9356D01BC607C500BC2BFA /* AppDelegate.m */; };
		8D9356D41BC607C500BC2BFA /* ViewController.m in Sources */ = {isa = PBXBuildFile; fileRef = 8D9356D31BC607C500BC2BFA /* ViewController.m */; };
		8D9356D71BC607C500BC2BFA /* Main.storyboard in Resources */ = {isa = PBXBuildFile; fileRef = 8D9356D51BC607C500BC2BFA /* Main.storyboard */; };
		8D9356DC1BC607C500BC2BFA /* LaunchScreen.storyboard in Resources */ = {isa = PBXBuildFile; fileRef = 8D9356DA1BC607C500BC2BFA /* LaunchScreen.storyboard */; };
		8D9356E71BC607C500BC2BFA /* DSLCTests.m in Sources */ = {isa = PBXBuildFile; fileRef = 8D9356E61BC607C500BC2BFA /* DSLCTests.m */; };
		8D9356F21BC607C500BC2BFA /* DSLCUITests.m in Sources */ = {isa = PBXBuildFile; fileRef = 8D9356F11BC607C500BC2BFA /* DSLCUITests.m */; };
		8DEDE1161BCCD97B008086D3 /* BankCard.m in Sources */ = {isa = PBXBuildFile; fileRef = 8DEDE1151BCCD97B008086D3 /* BankCard.m */; settings = {ASSET_TAGS = (); }; };
		8DEDE1181BCCD987008086D3 /* BankCard.xib in Resources */ = {isa = PBXBuildFile; fileRef = 8DEDE1171BCCD987008086D3 /* BankCard.xib */; settings = {ASSET_TAGS = (); }; };
		8DEDE11B1BCCE40F008086D3 /* Assets.xcassets in Resources */ = {isa = PBXBuildFile; fileRef = 8DEDE11A1BCCE40F008086D3 /* Assets.xcassets */; settings = {ASSET_TAGS = (); }; };
/* End PBXBuildFile section */

/* Begin PBXContainerItemProxy section */
		8D9356E31BC607C500BC2BFA /* PBXContainerItemProxy */ = {
			isa = PBXContainerItemProxy;
			containerPortal = 8D9356C11BC607C500BC2BFA /* Project object */;
			proxyType = 1;
			remoteGlobalIDString = 8D9356C81BC607C500BC2BFA;
			remoteInfo = DSLC;
		};
		8D9356EE1BC607C500BC2BFA /* PBXContainerItemProxy */ = {
			isa = PBXContainerItemProxy;
			containerPortal = 8D9356C11BC607C500BC2BFA /* Project object */;
			proxyType = 1;
			remoteGlobalIDString = 8D9356C81BC607C500BC2BFA;
			remoteInfo = DSLC;
		};
/* End PBXContainerItemProxy section */

/* Begin PBXFileReference section */
		810D25251BC7917B00DAF83F /* CreatView.h */ = {isa = PBXFileReference; fileEncoding = 4; lastKnownFileType = sourcecode.c.h; path = CreatView.h; sourceTree = "<group>"; };
		810D25261BC7917B00DAF83F /* CreatView.m */ = {isa = PBXFileReference; fileEncoding = 4; lastKnownFileType = sourcecode.c.objc; path = CreatView.m; sourceTree = "<group>"; };
		8110A4EE1BC64A0A00E38485 /* ppp.h */ = {isa = PBXFileReference; fileEncoding = 4; lastKnownFileType = sourcecode.c.h; path = ppp.h; sourceTree = "<group>"; };
		8110A4EF1BC64A0A00E38485 /* ppp.m */ = {isa = PBXFileReference; fileEncoding = 4; lastKnownFileType = sourcecode.c.objc; path = ppp.m; sourceTree = "<group>"; };
		8110A4F11BC64A4D00E38485 /* iii.h */ = {isa = PBXFileReference; fileEncoding = 4; lastKnownFileType = sourcecode.c.h; path = iii.h; sourceTree = "<group>"; };
		8110A4F21BC64A4D00E38485 /* iii.m */ = {isa = PBXFileReference; fileEncoding = 4; lastKnownFileType = sourcecode.c.objc; path = iii.m; sourceTree = "<group>"; };
		8110A4F41BC64A5800E38485 /* poi.h */ = {isa = PBXFileReference; fileEncoding = 4; lastKnownFileType = sourcecode.c.h; path = poi.h; sourceTree = "<group>"; };
		8110A4F51BC64A5800E38485 /* poi.m */ = {isa = PBXFileReference; fileEncoding = 4; lastKnownFileType = sourcecode.c.objc; path = poi.m; sourceTree = "<group>"; };
		811F9DFF1BC7A13800CAD6F5 /* FinancingCell.h */ = {isa = PBXFileReference; fileEncoding = 4; lastKnownFileType = sourcecode.c.h; path = FinancingCell.h; sourceTree = "<group>"; };
		811F9E001BC7A13800CAD6F5 /* FinancingCell.m */ = {isa = PBXFileReference; fileEncoding = 4; lastKnownFileType = sourcecode.c.objc; path = FinancingCell.m; sourceTree = "<group>"; };
		811F9E011BC7A13800CAD6F5 /* FinancingCell.xib */ = {isa = PBXFileReference; fileEncoding = 4; lastKnownFileType = file.xib; path = FinancingCell.xib; sourceTree = "<group>"; };
		811F9E051BC7D29900CAD6F5 /* UIColor+AddColor.h */ = {isa = PBXFileReference; fileEncoding = 4; lastKnownFileType = sourcecode.c.h; path = "UIColor+AddColor.h"; sourceTree = "<group>"; };
		811F9E061BC7D29900CAD6F5 /* UIColor+AddColor.m */ = {isa = PBXFileReference; fileEncoding = 4; lastKnownFileType = sourcecode.c.objc; path = "UIColor+AddColor.m"; sourceTree = "<group>"; };
		81334F5D1BCBC3BD000A9B8A /* 7501111.png */ = {isa = PBXFileReference; lastKnownFileType = image.png; path = 7501111.png; sourceTree = "<group>"; };
		817988261BC93C64007C8C3E /* FDetailViewController.h */ = {isa = PBXFileReference; fileEncoding = 4; lastKnownFileType = sourcecode.c.h; path = FDetailViewController.h; sourceTree = "<group>"; };
		817988271BC93C64007C8C3E /* FDetailViewController.m */ = {isa = PBXFileReference; fileEncoding = 4; lastKnownFileType = sourcecode.c.objc; path = FDetailViewController.m; sourceTree = "<group>"; };
		817988291BC93DDE007C8C3E /* FixInvestCell.h */ = {isa = PBXFileReference; fileEncoding = 4; lastKnownFileType = sourcecode.c.h; path = FixInvestCell.h; sourceTree = "<group>"; };
		8179882A1BC93DDE007C8C3E /* FixInvestCell.m */ = {isa = PBXFileReference; fileEncoding = 4; lastKnownFileType = sourcecode.c.objc; path = FixInvestCell.m; sourceTree = "<group>"; };
		8179882B1BC93DDE007C8C3E /* FixInvestCell.xib */ = {isa = PBXFileReference; fileEncoding = 4; lastKnownFileType = file.xib; path = FixInvestCell.xib; sourceTree = "<group>"; };
		8179882E1BC93FF6007C8C3E /* BasicMessageCell.h */ = {isa = PBXFileReference; fileEncoding = 4; lastKnownFileType = sourcecode.c.h; path = BasicMessageCell.h; sourceTree = "<group>"; };
		8179882F1BC93FF6007C8C3E /* BasicMessageCell.m */ = {isa = PBXFileReference; fileEncoding = 4; lastKnownFileType = sourcecode.c.objc; path = BasicMessageCell.m; sourceTree = "<group>"; };
		817988301BC93FF6007C8C3E /* BasicMessageCell.xib */ = {isa = PBXFileReference; fileEncoding = 4; lastKnownFileType = file.xib; path = BasicMessageCell.xib; sourceTree = "<group>"; };
		817988331BC94014007C8C3E /* PlanCell.h */ = {isa = PBXFileReference; fileEncoding = 4; lastKnownFileType = sourcecode.c.h; path = PlanCell.h; sourceTree = "<group>"; };
		817988341BC94014007C8C3E /* PlanCell.m */ = {isa = PBXFileReference; fileEncoding = 4; lastKnownFileType = sourcecode.c.objc; path = PlanCell.m; sourceTree = "<group>"; };
		817988351BC94014007C8C3E /* PlanCell.xib */ = {isa = PBXFileReference; fileEncoding = 4; lastKnownFileType = file.xib; path = PlanCell.xib; sourceTree = "<group>"; };
		817988381BC9403A007C8C3E /* ThreeCell.h */ = {isa = PBXFileReference; fileEncoding = 4; lastKnownFileType = sourcecode.c.h; path = ThreeCell.h; sourceTree = "<group>"; };
		817988391BC9403A007C8C3E /* ThreeCell.m */ = {isa = PBXFileReference; fileEncoding = 4; lastKnownFileType = sourcecode.c.objc; path = ThreeCell.m; sourceTree = "<group>"; };
		8179883A1BC9403A007C8C3E /* ThreeCell.xib */ = {isa = PBXFileReference; fileEncoding = 4; lastKnownFileType = file.xib; path = ThreeCell.xib; sourceTree = "<group>"; };
		8184EC351BCC96E1003F440D /* MakeSureViewController.h */ = {isa = PBXFileReference; fileEncoding = 4; lastKnownFileType = sourcecode.c.h; path = MakeSureViewController.h; sourceTree = "<group>"; };
		8184EC361BCC96E1003F440D /* MakeSureViewController.m */ = {isa = PBXFileReference; fileEncoding = 4; lastKnownFileType = sourcecode.c.objc; path = MakeSureViewController.m; sourceTree = "<group>"; };
		8184EC381BCCD0FE003F440D /* ContentCell.h */ = {isa = PBXFileReference; fileEncoding = 4; lastKnownFileType = sourcecode.c.h; path = ContentCell.h; sourceTree = "<group>"; };
		8184EC391BCCD0FE003F440D /* ContentCell.m */ = {isa = PBXFileReference; fileEncoding = 4; lastKnownFileType = sourcecode.c.objc; path = ContentCell.m; sourceTree = "<group>"; };
		8184EC3A1BCCD0FE003F440D /* ContentCell.xib */ = {isa = PBXFileReference; fileEncoding = 4; lastKnownFileType = file.xib; path = ContentCell.xib; sourceTree = "<group>"; };
		8184EC3D1BCCD113003F440D /* MoneyCell.h */ = {isa = PBXFileReference; fileEncoding = 4; lastKnownFileType = sourcecode.c.h; path = MoneyCell.h; sourceTree = "<group>"; };
		8184EC3E1BCCD113003F440D /* MoneyCell.m */ = {isa = PBXFileReference; fileEncoding = 4; lastKnownFileType = sourcecode.c.objc; path = MoneyCell.m; sourceTree = "<group>"; };
		8184EC3F1BCCD113003F440D /* MoneyCell.xib */ = {isa = PBXFileReference; fileEncoding = 4; lastKnownFileType = file.xib; path = MoneyCell.xib; sourceTree = "<group>"; };
		8184EC421BCCD12A003F440D /* RedBagCell.h */ = {isa = PBXFileReference; fileEncoding = 4; lastKnownFileType = sourcecode.c.h; path = RedBagCell.h; sourceTree = "<group>"; };
		8184EC431BCCD12A003F440D /* RedBagCell.m */ = {isa = PBXFileReference; fileEncoding = 4; lastKnownFileType = sourcecode.c.objc; path = RedBagCell.m; sourceTree = "<group>"; };
		8184EC441BCCD12A003F440D /* RedBagCell.xib */ = {isa = PBXFileReference; fileEncoding = 4; lastKnownFileType = file.xib; path = RedBagCell.xib; sourceTree = "<group>"; };
		8184EC471BCCD13C003F440D /* CashMoneyCell.h */ = {isa = PBXFileReference; fileEncoding = 4; lastKnownFileType = sourcecode.c.h; path = CashMoneyCell.h; sourceTree = "<group>"; };
		8184EC481BCCD13C003F440D /* CashMoneyCell.m */ = {isa = PBXFileReference; fileEncoding = 4; lastKnownFileType = sourcecode.c.objc; path = CashMoneyCell.m; sourceTree = "<group>"; };
		8184EC491BCCD13C003F440D /* CashMoneyCell.xib */ = {isa = PBXFileReference; fileEncoding = 4; lastKnownFileType = file.xib; path = CashMoneyCell.xib; sourceTree = "<group>"; };
		81C2DAA71BC755FF0007AC48 /* KKTabBarViewController.h */ = {isa = PBXFileReference; fileEncoding = 4; lastKnownFileType = sourcecode.c.h; path = KKTabBarViewController.h; sourceTree = "<group>"; };
		81C2DAA81BC755FF0007AC48 /* KKTabBarViewController.m */ = {isa = PBXFileReference; fileEncoding = 4; lastKnownFileType = sourcecode.c.objc; path = KKTabBarViewController.m; sourceTree = "<group>"; };
		81C2DAAA1BC7563A0007AC48 /* SelectionViewController.h */ = {isa = PBXFileReference; fileEncoding = 4; lastKnownFileType = sourcecode.c.h; path = SelectionViewController.h; sourceTree = "<group>"; };
		81C2DAAB1BC7563A0007AC48 /* SelectionViewController.m */ = {isa = PBXFileReference; fileEncoding = 4; lastKnownFileType = sourcecode.c.objc; path = SelectionViewController.m; sourceTree = "<group>"; };
		81C2DAAD1BC756630007AC48 /* MoreViewController.h */ = {isa = PBXFileReference; fileEncoding = 4; lastKnownFileType = sourcecode.c.h; path = MoreViewController.h; sourceTree = "<group>"; };
		81C2DAAE1BC756630007AC48 /* MoreViewController.m */ = {isa = PBXFileReference; fileEncoding = 4; lastKnownFileType = sourcecode.c.objc; path = MoreViewController.m; sourceTree = "<group>"; };
		81D8AD981BC6427800A15E01 /* MineViewController.h */ = {isa = PBXFileReference; fileEncoding = 4; lastKnownFileType = sourcecode.c.h; path = MineViewController.h; sourceTree = "<group>"; };
		81D8AD991BC6427800A15E01 /* MineViewController.m */ = {isa = PBXFileReference; fileEncoding = 4; lastKnownFileType = sourcecode.c.objc; path = MineViewController.m; sourceTree = "<group>"; };
		81D8ADA11BC646D100A15E01 /* FinancingViewController.h */ = {isa = PBXFileReference; fileEncoding = 4; lastKnownFileType = sourcecode.c.h; path = FinancingViewController.h; sourceTree = "<group>"; };
		81D8ADA21BC646D100A15E01 /* FinancingViewController.m */ = {isa = PBXFileReference; fileEncoding = 4; lastKnownFileType = sourcecode.c.objc; path = FinancingViewController.m; sourceTree = "<group>"; };
		81E90EF31BCB42D7004BA8A5 /* 750产品详111.png */ = {isa = PBXFileReference; lastKnownFileType = image.png; path = "750产品详111.png"; sourceTree = "<group>"; };
		81E90EF51BCB4300004BA8A5 /* 750产品111.png */ = {isa = PBXFileReference; lastKnownFileType = image.png; path = "750产品111.png"; sourceTree = "<group>"; };
		81E90EF71BCB430B004BA8A5 /* 750chanpin.png */ = {isa = PBXFileReference; lastKnownFileType = image.png; path = 750chanpin.png; sourceTree = "<group>"; };
		81E90EF91BCB4312004BA8A5 /* 750产品详情.png */ = {isa = PBXFileReference; lastKnownFileType = image.png; path = "750产品详情.png"; sourceTree = "<group>"; };
		8D55DB041BC7B53A004649CE /* define.h */ = {isa = PBXFileReference; fileEncoding = 4; lastKnownFileType = sourcecode.c.h; path = define.h; sourceTree = "<group>"; };
		8D55DB051BC7BE91004649CE /* shouyebanner.png */ = {isa = PBXFileReference; lastKnownFileType = image.png; path = shouyebanner.png; sourceTree = "<group>"; };
		8D5AEB381BC8D2F3004FBDD3 /* SelectionV.xib */ = {isa = PBXFileReference; fileEncoding = 4; lastKnownFileType = file.xib; path = SelectionV.xib; sourceTree = "<group>"; };
		8D5AEB3A1BC8DAA4004FBDD3 /* SelectionV.h */ = {isa = PBXFileReference; fileEncoding = 4; lastKnownFileType = sourcecode.c.h; path = SelectionV.h; sourceTree = "<group>"; };
		8D5AEB3B1BC8DAA4004FBDD3 /* SelectionV.m */ = {isa = PBXFileReference; fileEncoding = 4; lastKnownFileType = sourcecode.c.objc; path = SelectionV.m; sourceTree = "<group>"; };
		8D5AEB3D1BC8DE23004FBDD3 /* SelectionOfThing.xib */ = {isa = PBXFileReference; fileEncoding = 4; lastKnownFileType = file.xib; path = SelectionOfThing.xib; sourceTree = "<group>"; };
		8D5AEB3F1BC8DE41004FBDD3 /* SelectionOfThing.h */ = {isa = PBXFileReference; fileEncoding = 4; lastKnownFileType = sourcecode.c.h; path = SelectionOfThing.h; sourceTree = "<group>"; };
		8D5AEB401BC8DE41004FBDD3 /* SelectionOfThing.m */ = {isa = PBXFileReference; fileEncoding = 4; lastKnownFileType = sourcecode.c.objc; path = SelectionOfThing.m; sourceTree = "<group>"; };
		8D5AEB481BC8F560004FBDD3 /* CenturyGothic.TTF */ = {isa = PBXFileReference; lastKnownFileType = file; path = CenturyGothic.TTF; sourceTree = "<group>"; };
		8D5AEB4A1BC8FCA3004FBDD3 /* SelectionOfSafe.xib */ = {isa = PBXFileReference; fileEncoding = 4; lastKnownFileType = file.xib; path = SelectionOfSafe.xib; sourceTree = "<group>"; };
		8D5AEB4C1BC8FCBC004FBDD3 /* SelectionOfSafe.h */ = {isa = PBXFileReference; fileEncoding = 4; lastKnownFileType = sourcecode.c.h; path = SelectionOfSafe.h; sourceTree = "<group>"; };
		8D5AEB4D1BC8FCBC004FBDD3 /* SelectionOfSafe.m */ = {isa = PBXFileReference; fileEncoding = 4; lastKnownFileType = sourcecode.c.objc; path = SelectionOfSafe.m; sourceTree = "<group>"; };
		8D6EFB9D1BC78B02009FE101 /* shouyeqiepian750_25_highlight.png */ = {isa = PBXFileReference; lastKnownFileType = image.png; path = shouyeqiepian750_25_highlight.png; sourceTree = "<group>"; };
		8D6EFB9E1BC78B02009FE101 /* shouyeqiepian750_28.png */ = {isa = PBXFileReference; lastKnownFileType = image.png; path = shouyeqiepian750_28.png; sourceTree = "<group>"; };
		8D6EFB9F1BC78B02009FE101 /* shouyeqiepian750_30.png */ = {isa = PBXFileReference; lastKnownFileType = image.png; path = shouyeqiepian750_30.png; sourceTree = "<group>"; };
		8D6EFBA01BC78B02009FE101 /* shouyeqiepian750_32.png */ = {isa = PBXFileReference; lastKnownFileType = image.png; path = shouyeqiepian750_32.png; sourceTree = "<group>"; };
		8D6EFBA11BC78B02009FE101 /* shouyeqiepian7500_25.png */ = {isa = PBXFileReference; lastKnownFileType = image.png; path = shouyeqiepian7500_25.png; sourceTree = "<group>"; };
		8D6EFBA21BC78B02009FE101 /* shouyeqiepian7500_28highlight.png */ = {isa = PBXFileReference; lastKnownFileType = image.png; path = shouyeqiepian7500_28highlight.png; sourceTree = "<group>"; };
		8D6EFBA31BC78B02009FE101 /* shouyeqiepian7500_30highlight.png */ = {isa = PBXFileReference; lastKnownFileType = image.png; path = shouyeqiepian7500_30highlight.png; sourceTree = "<group>"; };
		8D6EFBA41BC78B02009FE101 /* shouyeqiepian7500_32highlight.png */ = {isa = PBXFileReference; lastKnownFileType = image.png; path = shouyeqiepian7500_32highlight.png; sourceTree = "<group>"; };
		8D878CD61BC7548B00844575 /* b.h */ = {isa = PBXFileReference; fileEncoding = 4; lastKnownFileType = sourcecode.c.h; path = b.h; sourceTree = "<group>"; };
		8D878CD71BC7548B00844575 /* b.m */ = {isa = PBXFileReference; fileEncoding = 4; lastKnownFileType = sourcecode.c.objc; path = b.m; sourceTree = "<group>"; };
		8D878CD91BC7549500844575 /* c.h */ = {isa = PBXFileReference; fileEncoding = 4; lastKnownFileType = sourcecode.c.h; path = c.h; sourceTree = "<group>"; };
		8D878CDA1BC7549500844575 /* c.m */ = {isa = PBXFileReference; fileEncoding = 4; lastKnownFileType = sourcecode.c.objc; path = c.m; sourceTree = "<group>"; };
		8D878CDC1BC7549F00844575 /* d.h */ = {isa = PBXFileReference; fileEncoding = 4; lastKnownFileType = sourcecode.c.h; path = d.h; sourceTree = "<group>"; };
		8D878CDD1BC7549F00844575 /* d.m */ = {isa = PBXFileReference; fileEncoding = 4; lastKnownFileType = sourcecode.c.objc; path = d.m; sourceTree = "<group>"; };
		8D878CDF1BC754AD00844575 /* e.h */ = {isa = PBXFileReference; fileEncoding = 4; lastKnownFileType = sourcecode.c.h; path = e.h; sourceTree = "<group>"; };
		8D878CE01BC754AD00844575 /* e.m */ = {isa = PBXFileReference; fileEncoding = 4; lastKnownFileType = sourcecode.c.objc; path = e.m; sourceTree = "<group>"; };
		8D9356C91BC607C500BC2BFA /* DSLC.app */ = {isa = PBXFileReference; explicitFileType = wrapper.application; includeInIndex = 0; path = DSLC.app; sourceTree = BUILT_PRODUCTS_DIR; };
		8D9356CD1BC607C500BC2BFA /* main.m */ = {isa = PBXFileReference; lastKnownFileType = sourcecode.c.objc; path = main.m; sourceTree = "<group>"; };
		8D9356CF1BC607C500BC2BFA /* AppDelegate.h */ = {isa = PBXFileReference; lastKnownFileType = sourcecode.c.h; path = AppDelegate.h; sourceTree = "<group>"; };
		8D9356D01BC607C500BC2BFA /* AppDelegate.m */ = {isa = PBXFileReference; lastKnownFileType = sourcecode.c.objc; path = AppDelegate.m; sourceTree = "<group>"; };
		8D9356D21BC607C500BC2BFA /* ViewController.h */ = {isa = PBXFileReference; lastKnownFileType = sourcecode.c.h; path = ViewController.h; sourceTree = "<group>"; };
		8D9356D31BC607C500BC2BFA /* ViewController.m */ = {isa = PBXFileReference; lastKnownFileType = sourcecode.c.objc; path = ViewController.m; sourceTree = "<group>"; };
		8D9356D61BC607C500BC2BFA /* Base */ = {isa = PBXFileReference; lastKnownFileType = file.storyboard; name = Base; path = Base.lproj/Main.storyboard; sourceTree = "<group>"; };
		8D9356DB1BC607C500BC2BFA /* Base */ = {isa = PBXFileReference; lastKnownFileType = file.storyboard; name = Base; path = Base.lproj/LaunchScreen.storyboard; sourceTree = "<group>"; };
		8D9356DD1BC607C500BC2BFA /* Info.plist */ = {isa = PBXFileReference; lastKnownFileType = text.plist.xml; path = Info.plist; sourceTree = "<group>"; };
		8D9356E21BC607C500BC2BFA /* DSLCTests.xctest */ = {isa = PBXFileReference; explicitFileType = wrapper.cfbundle; includeInIndex = 0; path = DSLCTests.xctest; sourceTree = BUILT_PRODUCTS_DIR; };
		8D9356E61BC607C500BC2BFA /* DSLCTests.m */ = {isa = PBXFileReference; lastKnownFileType = sourcecode.c.objc; path = DSLCTests.m; sourceTree = "<group>"; };
		8D9356E81BC607C500BC2BFA /* Info.plist */ = {isa = PBXFileReference; lastKnownFileType = text.plist.xml; path = Info.plist; sourceTree = "<group>"; };
		8D9356ED1BC607C500BC2BFA /* DSLCUITests.xctest */ = {isa = PBXFileReference; explicitFileType = wrapper.cfbundle; includeInIndex = 0; path = DSLCUITests.xctest; sourceTree = BUILT_PRODUCTS_DIR; };
		8D9356F11BC607C500BC2BFA /* DSLCUITests.m */ = {isa = PBXFileReference; lastKnownFileType = sourcecode.c.objc; path = DSLCUITests.m; sourceTree = "<group>"; };
		8D9356F31BC607C500BC2BFA /* Info.plist */ = {isa = PBXFileReference; lastKnownFileType = text.plist.xml; path = Info.plist; sourceTree = "<group>"; };
		8DEDE1141BCCD97B008086D3 /* BankCard.h */ = {isa = PBXFileReference; fileEncoding = 4; lastKnownFileType = sourcecode.c.h; path = BankCard.h; sourceTree = "<group>"; };
		8DEDE1151BCCD97B008086D3 /* BankCard.m */ = {isa = PBXFileReference; fileEncoding = 4; lastKnownFileType = sourcecode.c.objc; path = BankCard.m; sourceTree = "<group>"; };
		8DEDE1171BCCD987008086D3 /* BankCard.xib */ = {isa = PBXFileReference; fileEncoding = 4; lastKnownFileType = file.xib; path = BankCard.xib; sourceTree = "<group>"; };
		8DEDE11A1BCCE40F008086D3 /* Assets.xcassets */ = {isa = PBXFileReference; lastKnownFileType = folder.assetcatalog; path = Assets.xcassets; sourceTree = "<group>"; };
/* End PBXFileReference section */

/* Begin PBXFrameworksBuildPhase section */
		8D9356C61BC607C500BC2BFA /* Frameworks */ = {
			isa = PBXFrameworksBuildPhase;
			buildActionMask = 2147483647;
			files = (
			);
			runOnlyForDeploymentPostprocessing = 0;
		};
		8D9356DF1BC607C500BC2BFA /* Frameworks */ = {
			isa = PBXFrameworksBuildPhase;
			buildActionMask = 2147483647;
			files = (
			);
			runOnlyForDeploymentPostprocessing = 0;
		};
		8D9356EA1BC607C500BC2BFA /* Frameworks */ = {
			isa = PBXFrameworksBuildPhase;
			buildActionMask = 2147483647;
			files = (
			);
			runOnlyForDeploymentPostprocessing = 0;
		};
/* End PBXFrameworksBuildPhase section */

/* Begin PBXGroup section */
		810D25241BC7916C00DAF83F /* Base */ = {
			isa = PBXGroup;
			children = (
				811F9E041BC7D29900CAD6F5 /* 颜色处理类目 */,
				810D25251BC7917B00DAF83F /* CreatView.h */,
				810D25261BC7917B00DAF83F /* CreatView.m */,
				8D55DB041BC7B53A004649CE /* define.h */,
			);
			path = Base;
			sourceTree = "<group>";
		};
		811F9E041BC7D29900CAD6F5 /* 颜色处理类目 */ = {
			isa = PBXGroup;
			children = (
				811F9E051BC7D29900CAD6F5 /* UIColor+AddColor.h */,
				811F9E061BC7D29900CAD6F5 /* UIColor+AddColor.m */,
			);
			path = "颜色处理类目";
			sourceTree = "<group>";
		};
		81C2DAA51BC755F10007AC48 /* Three */ = {
			isa = PBXGroup;
			children = (
				81C2DAA61BC755FF0007AC48 /* KKTabBarViewController */,
			);
			path = Three;
			sourceTree = "<group>";
		};
		81C2DAA61BC755FF0007AC48 /* KKTabBarViewController */ = {
			isa = PBXGroup;
			children = (
				81C2DAA71BC755FF0007AC48 /* KKTabBarViewController.h */,
				81C2DAA81BC755FF0007AC48 /* KKTabBarViewController.m */,
			);
			path = KKTabBarViewController;
			sourceTree = "<group>";
		};
		81C2DAB01BC757A60007AC48 /* Image */ = {
			isa = PBXGroup;
			children = (
				81334F5D1BCBC3BD000A9B8A /* 7501111.png */,
				81E90EF31BCB42D7004BA8A5 /* 750产品详111.png */,
				81E90EF51BCB4300004BA8A5 /* 750产品111.png */,
				81E90EF71BCB430B004BA8A5 /* 750chanpin.png */,
				81E90EF91BCB4312004BA8A5 /* 750产品详情.png */,
				8D55DB051BC7BE91004649CE /* shouyebanner.png */,
				8D6EFB9D1BC78B02009FE101 /* shouyeqiepian750_25_highlight.png */,
				8D6EFB9E1BC78B02009FE101 /* shouyeqiepian750_28.png */,
				8D6EFB9F1BC78B02009FE101 /* shouyeqiepian750_30.png */,
				8D6EFBA01BC78B02009FE101 /* shouyeqiepian750_32.png */,
				8D6EFBA11BC78B02009FE101 /* shouyeqiepian7500_25.png */,
				8D6EFBA21BC78B02009FE101 /* shouyeqiepian7500_28highlight.png */,
				8D6EFBA31BC78B02009FE101 /* shouyeqiepian7500_30highlight.png */,
				8D6EFBA41BC78B02009FE101 /* shouyeqiepian7500_32highlight.png */,
			);
			path = Image;
			sourceTree = "<group>";
		};
		81D8AD901BC6403900A15E01 /* Financing */ = {
			isa = PBXGroup;
			children = (
				81D8ADA01BC646C400A15E01 /* FinancingModel */,
				81D8AD9F1BC6467100A15E01 /* FinancingView */,
				81D8AD9E1BC6465D00A15E01 /* FinancingViewController */,
			);
			path = Financing;
			sourceTree = "<group>";
		};
		81D8AD941BC640BD00A15E01 /* Mine */ = {
			isa = PBXGroup;
			children = (
				81D8AD971BC640FB00A15E01 /* MineModel */,
				81D8AD961BC640E900A15E01 /* MineView */,
				81D8AD951BC640DA00A15E01 /* MineViewController */,
			);
			path = Mine;
			sourceTree = "<group>";
		};
		81D8AD951BC640DA00A15E01 /* MineViewController */ = {
			isa = PBXGroup;
			children = (
				81D8AD981BC6427800A15E01 /* MineViewController.h */,
				81D8AD991BC6427800A15E01 /* MineViewController.m */,
			);
			path = MineViewController;
			sourceTree = "<group>";
		};
		81D8AD961BC640E900A15E01 /* MineView */ = {
			isa = PBXGroup;
			children = (
				8110A4F11BC64A4D00E38485 /* iii.h */,
				8110A4F21BC64A4D00E38485 /* iii.m */,
			);
			path = MineView;
			sourceTree = "<group>";
		};
		81D8AD971BC640FB00A15E01 /* MineModel */ = {
			isa = PBXGroup;
			children = (
				8110A4F41BC64A5800E38485 /* poi.h */,
				8110A4F51BC64A5800E38485 /* poi.m */,
			);
			path = MineModel;
			sourceTree = "<group>";
		};
		81D8AD9E1BC6465D00A15E01 /* FinancingViewController */ = {
			isa = PBXGroup;
			children = (
				81D8ADA11BC646D100A15E01 /* FinancingViewController.h */,
				81D8ADA21BC646D100A15E01 /* FinancingViewController.m */,
				817988261BC93C64007C8C3E /* FDetailViewController.h */,
				817988271BC93C64007C8C3E /* FDetailViewController.m */,
				8184EC351BCC96E1003F440D /* MakeSureViewController.h */,
				8184EC361BCC96E1003F440D /* MakeSureViewController.m */,
			);
			path = FinancingViewController;
			sourceTree = "<group>";
		};
		81D8AD9F1BC6467100A15E01 /* FinancingView */ = {
			isa = PBXGroup;
			children = (
				811F9DFF1BC7A13800CAD6F5 /* FinancingCell.h */,
				811F9E001BC7A13800CAD6F5 /* FinancingCell.m */,
				811F9E011BC7A13800CAD6F5 /* FinancingCell.xib */,
				817988291BC93DDE007C8C3E /* FixInvestCell.h */,
				8179882A1BC93DDE007C8C3E /* FixInvestCell.m */,
				8179882B1BC93DDE007C8C3E /* FixInvestCell.xib */,
				8179882E1BC93FF6007C8C3E /* BasicMessageCell.h */,
				8179882F1BC93FF6007C8C3E /* BasicMessageCell.m */,
				817988301BC93FF6007C8C3E /* BasicMessageCell.xib */,
				817988331BC94014007C8C3E /* PlanCell.h */,
				817988341BC94014007C8C3E /* PlanCell.m */,
				817988351BC94014007C8C3E /* PlanCell.xib */,
				817988381BC9403A007C8C3E /* ThreeCell.h */,
				817988391BC9403A007C8C3E /* ThreeCell.m */,
				8179883A1BC9403A007C8C3E /* ThreeCell.xib */,
				8184EC381BCCD0FE003F440D /* ContentCell.h */,
				8184EC391BCCD0FE003F440D /* ContentCell.m */,
				8184EC3A1BCCD0FE003F440D /* ContentCell.xib */,
				8184EC3D1BCCD113003F440D /* MoneyCell.h */,
				8184EC3E1BCCD113003F440D /* MoneyCell.m */,
				8184EC3F1BCCD113003F440D /* MoneyCell.xib */,
				8184EC421BCCD12A003F440D /* RedBagCell.h */,
				8184EC431BCCD12A003F440D /* RedBagCell.m */,
				8184EC441BCCD12A003F440D /* RedBagCell.xib */,
				8184EC471BCCD13C003F440D /* CashMoneyCell.h */,
				8184EC481BCCD13C003F440D /* CashMoneyCell.m */,
				8184EC491BCCD13C003F440D /* CashMoneyCell.xib */,
			);
			path = FinancingView;
			sourceTree = "<group>";
		};
		81D8ADA01BC646C400A15E01 /* FinancingModel */ = {
			isa = PBXGroup;
			children = (
				8110A4EE1BC64A0A00E38485 /* ppp.h */,
				8110A4EF1BC64A0A00E38485 /* ppp.m */,
			);
			path = FinancingModel;
			sourceTree = "<group>";
		};
		8D4DE13F1BC64BD900F031D8 /* More */ = {
			isa = PBXGroup;
			children = (
				8D4DE1401BC64BD900F031D8 /* MoreController */,
				8D4DE1411BC64BD900F031D8 /* MoreModel */,
				8D4DE1421BC64BD900F031D8 /* MoreView */,
			);
			path = More;
			sourceTree = "<group>";
		};
		8D4DE1401BC64BD900F031D8 /* MoreController */ = {
			isa = PBXGroup;
			children = (
				81C2DAAD1BC756630007AC48 /* MoreViewController.h */,
				81C2DAAE1BC756630007AC48 /* MoreViewController.m */,
			);
			path = MoreController;
			sourceTree = "<group>";
		};
		8D4DE1411BC64BD900F031D8 /* MoreModel */ = {
			isa = PBXGroup;
			children = (
				8D878CDF1BC754AD00844575 /* e.h */,
				8D878CE01BC754AD00844575 /* e.m */,
			);
			path = MoreModel;
			sourceTree = "<group>";
		};
		8D4DE1421BC64BD900F031D8 /* MoreView */ = {
			isa = PBXGroup;
			children = (
				8D878CDC1BC7549F00844575 /* d.h */,
				8D878CDD1BC7549F00844575 /* d.m */,
			);
			path = MoreView;
			sourceTree = "<group>";
		};
		8D4DE1431BC64BD900F031D8 /* Selection */ = {
			isa = PBXGroup;
			children = (
				8D4DE1441BC64BD900F031D8 /* SelectionController */,
				8D4DE1451BC64BD900F031D8 /* SelectionModel */,
				8D4DE1461BC64BD900F031D8 /* SelectionView */,
			);
			path = Selection;
			sourceTree = "<group>";
		};
		8D4DE1441BC64BD900F031D8 /* SelectionController */ = {
			isa = PBXGroup;
			children = (
				81C2DAAA1BC7563A0007AC48 /* SelectionViewController.h */,
				81C2DAAB1BC7563A0007AC48 /* SelectionViewController.m */,
			);
			path = SelectionController;
			sourceTree = "<group>";
		};
		8D4DE1451BC64BD900F031D8 /* SelectionModel */ = {
			isa = PBXGroup;
			children = (
				8D878CD61BC7548B00844575 /* b.h */,
				8D878CD71BC7548B00844575 /* b.m */,
			);
			path = SelectionModel;
			sourceTree = "<group>";
		};
		8D4DE1461BC64BD900F031D8 /* SelectionView */ = {
			isa = PBXGroup;
			children = (
				8D878CD91BC7549500844575 /* c.h */,
				8D878CDA1BC7549500844575 /* c.m */,
				8D5AEB381BC8D2F3004FBDD3 /* SelectionV.xib */,
				8D5AEB3A1BC8DAA4004FBDD3 /* SelectionV.h */,
				8D5AEB3B1BC8DAA4004FBDD3 /* SelectionV.m */,
				8D5AEB3D1BC8DE23004FBDD3 /* SelectionOfThing.xib */,
				8D5AEB3F1BC8DE41004FBDD3 /* SelectionOfThing.h */,
				8D5AEB401BC8DE41004FBDD3 /* SelectionOfThing.m */,
				8D5AEB4A1BC8FCA3004FBDD3 /* SelectionOfSafe.xib */,
				8D5AEB4C1BC8FCBC004FBDD3 /* SelectionOfSafe.h */,
				8D5AEB4D1BC8FCBC004FBDD3 /* SelectionOfSafe.m */,
			);
			path = SelectionView;
			sourceTree = "<group>";
		};
		8D878CC91BC74E9700844575 /* appDelegate */ = {
			isa = PBXGroup;
			children = (
				8D9356CF1BC607C500BC2BFA /* AppDelegate.h */,
				8D9356D01BC607C500BC2BFA /* AppDelegate.m */,
			);
			name = appDelegate;
			sourceTree = "<group>";
		};
		8D878CCC1BC74F3200844575 /* Other */ = {
			isa = PBXGroup;
			children = (
				8D9356D21BC607C500BC2BFA /* ViewController.h */,
				8D9356D31BC607C500BC2BFA /* ViewController.m */,
			);
			name = Other;
			sourceTree = "<group>";
		};
		8D9356C01BC607C500BC2BFA = {
			isa = PBXGroup;
			children = (
				8D9356CB1BC607C500BC2BFA /* DSLC */,
				8D9356E51BC607C500BC2BFA /* DSLCTests */,
				8D9356F01BC607C500BC2BFA /* DSLCUITests */,
				8D9356CA1BC607C500BC2BFA /* Products */,
			);
			sourceTree = "<group>";
		};
		8D9356CA1BC607C500BC2BFA /* Products */ = {
			isa = PBXGroup;
			children = (
				8D9356C91BC607C500BC2BFA /* DSLC.app */,
				8D9356E21BC607C500BC2BFA /* DSLCTests.xctest */,
				8D9356ED1BC607C500BC2BFA /* DSLCUITests.xctest */,
			);
			name = Products;
			sourceTree = "<group>";
		};
		8D9356CB1BC607C500BC2BFA /* DSLC */ = {
			isa = PBXGroup;
			children = (
				810D25241BC7916C00DAF83F /* Base */,
				81C2DAB01BC757A60007AC48 /* Image */,
				81C2DAA51BC755F10007AC48 /* Three */,
				8D878CCC1BC74F3200844575 /* Other */,
				8D878CC91BC74E9700844575 /* appDelegate */,
				8D4DE13F1BC64BD900F031D8 /* More */,
				8D4DE1431BC64BD900F031D8 /* Selection */,
				81D8AD941BC640BD00A15E01 /* Mine */,
				81D8AD901BC6403900A15E01 /* Financing */,
				8D9356CC1BC607C500BC2BFA /* Supporting Files */,
			);
			path = DSLC;
			sourceTree = "<group>";
		};
		8D9356CC1BC607C500BC2BFA /* Supporting Files */ = {
			isa = PBXGroup;
			children = (
				8DEDE11A1BCCE40F008086D3 /* Assets.xcassets */,
				8D5AEB481BC8F560004FBDD3 /* CenturyGothic.TTF */,
				8D9356DD1BC607C500BC2BFA /* Info.plist */,
				8D9356D51BC607C500BC2BFA /* Main.storyboard */,
				8D9356DA1BC607C500BC2BFA /* LaunchScreen.storyboard */,
				8D9356CD1BC607C500BC2BFA /* main.m */,
			);
			name = "Supporting Files";
			sourceTree = "<group>";
		};
		8D9356E51BC607C500BC2BFA /* DSLCTests */ = {
			isa = PBXGroup;
			children = (
				8D9356E61BC607C500BC2BFA /* DSLCTests.m */,
				8D9356E81BC607C500BC2BFA /* Info.plist */,
			);
			path = DSLCTests;
			sourceTree = "<group>";
		};
		8D9356F01BC607C500BC2BFA /* DSLCUITests */ = {
			isa = PBXGroup;
			children = (
				8D9356F11BC607C500BC2BFA /* DSLCUITests.m */,
				8D9356F31BC607C500BC2BFA /* Info.plist */,
			);
			path = DSLCUITests;
			sourceTree = "<group>";
		};
/* End PBXGroup section */

/* Begin PBXNativeTarget section */
		8D9356C81BC607C500BC2BFA /* DSLC */ = {
			isa = PBXNativeTarget;
			buildConfigurationList = 8D9356F61BC607C500BC2BFA /* Build configuration list for PBXNativeTarget "DSLC" */;
			buildPhases = (
				8D9356C51BC607C500BC2BFA /* Sources */,
				8D9356C61BC607C500BC2BFA /* Frameworks */,
				8D9356C71BC607C500BC2BFA /* Resources */,
			);
			buildRules = (
			);
			dependencies = (
			);
			name = DSLC;
			productName = DSLC;
			productReference = 8D9356C91BC607C500BC2BFA /* DSLC.app */;
			productType = "com.apple.product-type.application";
		};
		8D9356E11BC607C500BC2BFA /* DSLCTests */ = {
			isa = PBXNativeTarget;
			buildConfigurationList = 8D9356F91BC607C500BC2BFA /* Build configuration list for PBXNativeTarget "DSLCTests" */;
			buildPhases = (
				8D9356DE1BC607C500BC2BFA /* Sources */,
				8D9356DF1BC607C500BC2BFA /* Frameworks */,
				8D9356E01BC607C500BC2BFA /* Resources */,
			);
			buildRules = (
			);
			dependencies = (
				8D9356E41BC607C500BC2BFA /* PBXTargetDependency */,
			);
			name = DSLCTests;
			productName = DSLCTests;
			productReference = 8D9356E21BC607C500BC2BFA /* DSLCTests.xctest */;
			productType = "com.apple.product-type.bundle.unit-test";
		};
		8D9356EC1BC607C500BC2BFA /* DSLCUITests */ = {
			isa = PBXNativeTarget;
			buildConfigurationList = 8D9356FC1BC607C500BC2BFA /* Build configuration list for PBXNativeTarget "DSLCUITests" */;
			buildPhases = (
				8D9356E91BC607C500BC2BFA /* Sources */,
				8D9356EA1BC607C500BC2BFA /* Frameworks */,
				8D9356EB1BC607C500BC2BFA /* Resources */,
			);
			buildRules = (
			);
			dependencies = (
				8D9356EF1BC607C500BC2BFA /* PBXTargetDependency */,
			);
			name = DSLCUITests;
			productName = DSLCUITests;
			productReference = 8D9356ED1BC607C500BC2BFA /* DSLCUITests.xctest */;
			productType = "com.apple.product-type.bundle.ui-testing";
		};
/* End PBXNativeTarget section */

/* Begin PBXProject section */
		8D9356C11BC607C500BC2BFA /* Project object */ = {
			isa = PBXProject;
			attributes = {
				LastUpgradeCheck = 0700;
				ORGANIZATIONNAME = "马成铭";
				TargetAttributes = {
					8D9356C81BC607C500BC2BFA = {
						CreatedOnToolsVersion = 7.0.1;
					};
					8D9356E11BC607C500BC2BFA = {
						CreatedOnToolsVersion = 7.0.1;
						TestTargetID = 8D9356C81BC607C500BC2BFA;
					};
					8D9356EC1BC607C500BC2BFA = {
						CreatedOnToolsVersion = 7.0.1;
						TestTargetID = 8D9356C81BC607C500BC2BFA;
					};
				};
			};
			buildConfigurationList = 8D9356C41BC607C500BC2BFA /* Build configuration list for PBXProject "DSLC" */;
			compatibilityVersion = "Xcode 3.2";
			developmentRegion = English;
			hasScannedForEncodings = 0;
			knownRegions = (
				en,
				Base,
			);
			mainGroup = 8D9356C01BC607C500BC2BFA;
			productRefGroup = 8D9356CA1BC607C500BC2BFA /* Products */;
			projectDirPath = "";
			projectRoot = "";
			targets = (
				8D9356C81BC607C500BC2BFA /* DSLC */,
				8D9356E11BC607C500BC2BFA /* DSLCTests */,
				8D9356EC1BC607C500BC2BFA /* DSLCUITests */,
			);
		};
/* End PBXProject section */

/* Begin PBXResourcesBuildPhase section */
		8D9356C71BC607C500BC2BFA /* Resources */ = {
			isa = PBXResourcesBuildPhase;
			buildActionMask = 2147483647;
			files = (
				8D6EFBA51BC78B02009FE101 /* shouyeqiepian750_25_highlight.png in Resources */,
				8D6EFBAB1BC78B02009FE101 /* shouyeqiepian7500_30highlight.png in Resources */,
				8184EC411BCCD113003F440D /* MoneyCell.xib in Resources */,
				8D6EFBA91BC78B02009FE101 /* shouyeqiepian7500_25.png in Resources */,
				8D5AEB491BC8F560004FBDD3 /* CenturyGothic.TTF in Resources */,
				8DEDE1181BCCD987008086D3 /* BankCard.xib in Resources */,
				8D5AEB4B1BC8FCA3004FBDD3 /* SelectionOfSafe.xib in Resources */,
				81E90EF41BCB42D7004BA8A5 /* 750产品详111.png in Resources */,
				8D9356DC1BC607C500BC2BFA /* LaunchScreen.storyboard in Resources */,
				8D6EFBA71BC78B02009FE101 /* shouyeqiepian750_30.png in Resources */,
				8184EC4B1BCCD13C003F440D /* CashMoneyCell.xib in Resources */,
				8D5AEB3E1BC8DE23004FBDD3 /* SelectionOfThing.xib in Resources */,
				81E90EF61BCB4300004BA8A5 /* 750产品111.png in Resources */,
				8179883C1BC9403A007C8C3E /* ThreeCell.xib in Resources */,
				81E90EFA1BCB4312004BA8A5 /* 750产品详情.png in Resources */,
				8D5AEB391BC8D2F3004FBDD3 /* SelectionV.xib in Resources */,
				8D6EFBA81BC78B02009FE101 /* shouyeqiepian750_32.png in Resources */,
				81334F5E1BCBC3BD000A9B8A /* 7501111.png in Resources */,
				81E90EF81BCB430B004BA8A5 /* 750chanpin.png in Resources */,
				8184EC3C1BCCD0FE003F440D /* ContentCell.xib in Resources */,
				8D9356D71BC607C500BC2BFA /* Main.storyboard in Resources */,
				8D6EFBAA1BC78B02009FE101 /* shouyeqiepian7500_28highlight.png in Resources */,
				8D6EFBA61BC78B02009FE101 /* shouyeqiepian750_28.png in Resources */,
				8179882D1BC93DDE007C8C3E /* FixInvestCell.xib in Resources */,
				8D6EFBAC1BC78B02009FE101 /* shouyeqiepian7500_32highlight.png in Resources */,
				817988371BC94014007C8C3E /* PlanCell.xib in Resources */,
				8184EC461BCCD12A003F440D /* RedBagCell.xib in Resources */,
				817988321BC93FF6007C8C3E /* BasicMessageCell.xib in Resources */,
				811F9E031BC7A13800CAD6F5 /* FinancingCell.xib in Resources */,
				8DEDE11B1BCCE40F008086D3 /* Assets.xcassets in Resources */,
				8D55DB061BC7BE91004649CE /* shouyebanner.png in Resources */,
			);
			runOnlyForDeploymentPostprocessing = 0;
		};
		8D9356E01BC607C500BC2BFA /* Resources */ = {
			isa = PBXResourcesBuildPhase;
			buildActionMask = 2147483647;
			files = (
			);
			runOnlyForDeploymentPostprocessing = 0;
		};
		8D9356EB1BC607C500BC2BFA /* Resources */ = {
			isa = PBXResourcesBuildPhase;
			buildActionMask = 2147483647;
			files = (
			);
			runOnlyForDeploymentPostprocessing = 0;
		};
/* End PBXResourcesBuildPhase section */

/* Begin PBXSourcesBuildPhase section */
		8D9356C51BC607C500BC2BFA /* Sources */ = {
			isa = PBXSourcesBuildPhase;
			buildActionMask = 2147483647;
			files = (
				810D25271BC7917B00DAF83F /* CreatView.m in Sources */,
				8D9356D41BC607C500BC2BFA /* ViewController.m in Sources */,
				8184EC451BCCD12A003F440D /* RedBagCell.m in Sources */,
				8179882C1BC93DDE007C8C3E /* FixInvestCell.m in Sources */,
				8D9356D11BC607C500BC2BFA /* AppDelegate.m in Sources */,
				8D9356CE1BC607C500BC2BFA /* main.m in Sources */,
				8D878CE11BC754AD00844575 /* e.m in Sources */,
				811F9E071BC7D29900CAD6F5 /* UIColor+AddColor.m in Sources */,
				81C2DAA91BC755FF0007AC48 /* KKTabBarViewController.m in Sources */,
				8179883B1BC9403A007C8C3E /* ThreeCell.m in Sources */,
				8110A4F31BC64A4D00E38485 /* iii.m in Sources */,
				8184EC4A1BCCD13C003F440D /* CashMoneyCell.m in Sources */,
				8D5AEB411BC8DE41004FBDD3 /* SelectionOfThing.m in Sources */,
				8110A4F01BC64A0A00E38485 /* ppp.m in Sources */,
				817988281BC93C64007C8C3E /* FDetailViewController.m in Sources */,
				8110A4F61BC64A5800E38485 /* poi.m in Sources */,
				8D878CD81BC7548B00844575 /* b.m in Sources */,
				8184EC3B1BCCD0FE003F440D /* ContentCell.m in Sources */,
				8D878CDB1BC7549500844575 /* c.m in Sources */,
				817988361BC94014007C8C3E /* PlanCell.m in Sources */,
				81D8AD9A1BC6427800A15E01 /* MineViewController.m in Sources */,
				811F9E021BC7A13800CAD6F5 /* FinancingCell.m in Sources */,
				8184EC401BCCD113003F440D /* MoneyCell.m in Sources */,
				8D5AEB3C1BC8DAA4004FBDD3 /* SelectionV.m in Sources */,
				8DEDE1161BCCD97B008086D3 /* BankCard.m in Sources */,
				81C2DAAF1BC756630007AC48 /* MoreViewController.m in Sources */,
				8184EC371BCC96E1003F440D /* MakeSureViewController.m in Sources */,
				817988311BC93FF6007C8C3E /* BasicMessageCell.m in Sources */,
				8D5AEB4E1BC8FCBC004FBDD3 /* SelectionOfSafe.m in Sources */,
				81D8ADA31BC646D100A15E01 /* FinancingViewController.m in Sources */,
				8D878CDE1BC7549F00844575 /* d.m in Sources */,
				81C2DAAC1BC7563A0007AC48 /* SelectionViewController.m in Sources */,
			);
			runOnlyForDeploymentPostprocessing = 0;
		};
		8D9356DE1BC607C500BC2BFA /* Sources */ = {
			isa = PBXSourcesBuildPhase;
			buildActionMask = 2147483647;
			files = (
				8D9356E71BC607C500BC2BFA /* DSLCTests.m in Sources */,
			);
			runOnlyForDeploymentPostprocessing = 0;
		};
		8D9356E91BC607C500BC2BFA /* Sources */ = {
			isa = PBXSourcesBuildPhase;
			buildActionMask = 2147483647;
			files = (
				8D9356F21BC607C500BC2BFA /* DSLCUITests.m in Sources */,
			);
			runOnlyForDeploymentPostprocessing = 0;
		};
/* End PBXSourcesBuildPhase section */

/* Begin PBXTargetDependency section */
		8D9356E41BC607C500BC2BFA /* PBXTargetDependency */ = {
			isa = PBXTargetDependency;
			target = 8D9356C81BC607C500BC2BFA /* DSLC */;
			targetProxy = 8D9356E31BC607C500BC2BFA /* PBXContainerItemProxy */;
		};
		8D9356EF1BC607C500BC2BFA /* PBXTargetDependency */ = {
			isa = PBXTargetDependency;
			target = 8D9356C81BC607C500BC2BFA /* DSLC */;
			targetProxy = 8D9356EE1BC607C500BC2BFA /* PBXContainerItemProxy */;
		};
/* End PBXTargetDependency section */

/* Begin PBXVariantGroup section */
		8D9356D51BC607C500BC2BFA /* Main.storyboard */ = {
			isa = PBXVariantGroup;
			children = (
				8D9356D61BC607C500BC2BFA /* Base */,
			);
			name = Main.storyboard;
			sourceTree = "<group>";
		};
		8D9356DA1BC607C500BC2BFA /* LaunchScreen.storyboard */ = {
			isa = PBXVariantGroup;
			children = (
				8D9356DB1BC607C500BC2BFA /* Base */,
			);
			name = LaunchScreen.storyboard;
			sourceTree = "<group>";
		};
/* End PBXVariantGroup section */

/* Begin XCBuildConfiguration section */
		8D9356F41BC607C500BC2BFA /* Debug */ = {
			isa = XCBuildConfiguration;
			buildSettings = {
				ALWAYS_SEARCH_USER_PATHS = NO;
				CLANG_CXX_LANGUAGE_STANDARD = "gnu++0x";
				CLANG_CXX_LIBRARY = "libc++";
				CLANG_ENABLE_MODULES = YES;
				CLANG_ENABLE_OBJC_ARC = YES;
				CLANG_WARN_BOOL_CONVERSION = YES;
				CLANG_WARN_CONSTANT_CONVERSION = YES;
				CLANG_WARN_DIRECT_OBJC_ISA_USAGE = YES_ERROR;
				CLANG_WARN_EMPTY_BODY = YES;
				CLANG_WARN_ENUM_CONVERSION = YES;
				CLANG_WARN_INT_CONVERSION = YES;
				CLANG_WARN_OBJC_ROOT_CLASS = YES_ERROR;
				CLANG_WARN_UNREACHABLE_CODE = YES;
				CLANG_WARN__DUPLICATE_METHOD_MATCH = YES;
				"CODE_SIGN_IDENTITY[sdk=iphoneos*]" = "iPhone Developer";
				COPY_PHASE_STRIP = NO;
				DEBUG_INFORMATION_FORMAT = dwarf;
				ENABLE_STRICT_OBJC_MSGSEND = YES;
				ENABLE_TESTABILITY = YES;
				GCC_C_LANGUAGE_STANDARD = gnu99;
				GCC_DYNAMIC_NO_PIC = NO;
				GCC_NO_COMMON_BLOCKS = YES;
				GCC_OPTIMIZATION_LEVEL = 0;
				GCC_PREPROCESSOR_DEFINITIONS = (
					"DEBUG=1",
					"$(inherited)",
				);
				GCC_WARN_64_TO_32_BIT_CONVERSION = YES;
				GCC_WARN_ABOUT_RETURN_TYPE = YES_ERROR;
				GCC_WARN_UNDECLARED_SELECTOR = YES;
				GCC_WARN_UNINITIALIZED_AUTOS = YES_AGGRESSIVE;
				GCC_WARN_UNUSED_FUNCTION = YES;
				GCC_WARN_UNUSED_VARIABLE = YES;
				IPHONEOS_DEPLOYMENT_TARGET = 9.0;
				MTL_ENABLE_DEBUG_INFO = YES;
				ONLY_ACTIVE_ARCH = YES;
				SDKROOT = iphoneos;
			};
			name = Debug;
		};
		8D9356F51BC607C500BC2BFA /* Release */ = {
			isa = XCBuildConfiguration;
			buildSettings = {
				ALWAYS_SEARCH_USER_PATHS = NO;
				CLANG_CXX_LANGUAGE_STANDARD = "gnu++0x";
				CLANG_CXX_LIBRARY = "libc++";
				CLANG_ENABLE_MODULES = YES;
				CLANG_ENABLE_OBJC_ARC = YES;
				CLANG_WARN_BOOL_CONVERSION = YES;
				CLANG_WARN_CONSTANT_CONVERSION = YES;
				CLANG_WARN_DIRECT_OBJC_ISA_USAGE = YES_ERROR;
				CLANG_WARN_EMPTY_BODY = YES;
				CLANG_WARN_ENUM_CONVERSION = YES;
				CLANG_WARN_INT_CONVERSION = YES;
				CLANG_WARN_OBJC_ROOT_CLASS = YES_ERROR;
				CLANG_WARN_UNREACHABLE_CODE = YES;
				CLANG_WARN__DUPLICATE_METHOD_MATCH = YES;
				"CODE_SIGN_IDENTITY[sdk=iphoneos*]" = "iPhone Developer";
				COPY_PHASE_STRIP = NO;
				DEBUG_INFORMATION_FORMAT = "dwarf-with-dsym";
				ENABLE_NS_ASSERTIONS = NO;
				ENABLE_STRICT_OBJC_MSGSEND = YES;
				GCC_C_LANGUAGE_STANDARD = gnu99;
				GCC_NO_COMMON_BLOCKS = YES;
				GCC_WARN_64_TO_32_BIT_CONVERSION = YES;
				GCC_WARN_ABOUT_RETURN_TYPE = YES_ERROR;
				GCC_WARN_UNDECLARED_SELECTOR = YES;
				GCC_WARN_UNINITIALIZED_AUTOS = YES_AGGRESSIVE;
				GCC_WARN_UNUSED_FUNCTION = YES;
				GCC_WARN_UNUSED_VARIABLE = YES;
				IPHONEOS_DEPLOYMENT_TARGET = 9.0;
				MTL_ENABLE_DEBUG_INFO = NO;
				SDKROOT = iphoneos;
				VALIDATE_PRODUCT = YES;
			};
			name = Release;
		};
		8D9356F71BC607C500BC2BFA /* Debug */ = {
			isa = XCBuildConfiguration;
			buildSettings = {
				ASSETCATALOG_COMPILER_APPICON_NAME = AppIcon;
				INFOPLIST_FILE = DSLC/Info.plist;
				LD_RUNPATH_SEARCH_PATHS = "$(inherited) @executable_path/Frameworks";
				PRODUCT_BUNDLE_IDENTIFIER = GCCF.DSLC;
				PRODUCT_NAME = "$(TARGET_NAME)";
			};
			name = Debug;
		};
		8D9356F81BC607C500BC2BFA /* Release */ = {
			isa = XCBuildConfiguration;
			buildSettings = {
				ASSETCATALOG_COMPILER_APPICON_NAME = AppIcon;
				INFOPLIST_FILE = DSLC/Info.plist;
				LD_RUNPATH_SEARCH_PATHS = "$(inherited) @executable_path/Frameworks";
				PRODUCT_BUNDLE_IDENTIFIER = GCCF.DSLC;
				PRODUCT_NAME = "$(TARGET_NAME)";
			};
			name = Release;
		};
		8D9356FA1BC607C500BC2BFA /* Debug */ = {
			isa = XCBuildConfiguration;
			buildSettings = {
				BUNDLE_LOADER = "$(TEST_HOST)";
				INFOPLIST_FILE = DSLCTests/Info.plist;
				LD_RUNPATH_SEARCH_PATHS = "$(inherited) @executable_path/Frameworks @loader_path/Frameworks";
				PRODUCT_BUNDLE_IDENTIFIER = GCCF.DSLCTests;
				PRODUCT_NAME = "$(TARGET_NAME)";
				TEST_HOST = "$(BUILT_PRODUCTS_DIR)/DSLC.app/DSLC";
			};
			name = Debug;
		};
		8D9356FB1BC607C500BC2BFA /* Release */ = {
			isa = XCBuildConfiguration;
			buildSettings = {
				BUNDLE_LOADER = "$(TEST_HOST)";
				INFOPLIST_FILE = DSLCTests/Info.plist;
				LD_RUNPATH_SEARCH_PATHS = "$(inherited) @executable_path/Frameworks @loader_path/Frameworks";
				PRODUCT_BUNDLE_IDENTIFIER = GCCF.DSLCTests;
				PRODUCT_NAME = "$(TARGET_NAME)";
				TEST_HOST = "$(BUILT_PRODUCTS_DIR)/DSLC.app/DSLC";
			};
			name = Release;
		};
		8D9356FD1BC607C500BC2BFA /* Debug */ = {
			isa = XCBuildConfiguration;
			buildSettings = {
				INFOPLIST_FILE = DSLCUITests/Info.plist;
				LD_RUNPATH_SEARCH_PATHS = "$(inherited) @executable_path/Frameworks @loader_path/Frameworks";
				PRODUCT_BUNDLE_IDENTIFIER = GCCF.DSLCUITests;
				PRODUCT_NAME = "$(TARGET_NAME)";
				TEST_TARGET_NAME = DSLC;
				USES_XCTRUNNER = YES;
			};
			name = Debug;
		};
		8D9356FE1BC607C500BC2BFA /* Release */ = {
			isa = XCBuildConfiguration;
			buildSettings = {
				INFOPLIST_FILE = DSLCUITests/Info.plist;
				LD_RUNPATH_SEARCH_PATHS = "$(inherited) @executable_path/Frameworks @loader_path/Frameworks";
				PRODUCT_BUNDLE_IDENTIFIER = GCCF.DSLCUITests;
				PRODUCT_NAME = "$(TARGET_NAME)";
				TEST_TARGET_NAME = DSLC;
				USES_XCTRUNNER = YES;
			};
			name = Release;
		};
/* End XCBuildConfiguration section */

/* Begin XCConfigurationList section */
		8D9356C41BC607C500BC2BFA /* Build configuration list for PBXProject "DSLC" */ = {
			isa = XCConfigurationList;
			buildConfigurations = (
				8D9356F41BC607C500BC2BFA /* Debug */,
				8D9356F51BC607C500BC2BFA /* Release */,
			);
			defaultConfigurationIsVisible = 0;
			defaultConfigurationName = Release;
		};
		8D9356F61BC607C500BC2BFA /* Build configuration list for PBXNativeTarget "DSLC" */ = {
			isa = XCConfigurationList;
			buildConfigurations = (
				8D9356F71BC607C500BC2BFA /* Debug */,
				8D9356F81BC607C500BC2BFA /* Release */,
			);
			defaultConfigurationIsVisible = 0;
			defaultConfigurationName = Release;
		};
		8D9356F91BC607C500BC2BFA /* Build configuration list for PBXNativeTarget "DSLCTests" */ = {
			isa = XCConfigurationList;
			buildConfigurations = (
				8D9356FA1BC607C500BC2BFA /* Debug */,
				8D9356FB1BC607C500BC2BFA /* Release */,
			);
			defaultConfigurationIsVisible = 0;
			defaultConfigurationName = Release;
		};
		8D9356FC1BC607C500BC2BFA /* Build configuration list for PBXNativeTarget "DSLCUITests" */ = {
			isa = XCConfigurationList;
			buildConfigurations = (
				8D9356FD1BC607C500BC2BFA /* Debug */,
				8D9356FE1BC607C500BC2BFA /* Release */,
			);
			defaultConfigurationIsVisible = 0;
			defaultConfigurationName = Release;
		};
/* End XCConfigurationList section */
	};
	rootObject = 8D9356C11BC607C500BC2BFA /* Project object */;
}
